// !$*UTF8*$!
{
	archiveVersion = 1;
	classes = {
	};
	objectVersion = 50;
	objects = {

/* Begin PBXBuildFile section */
		181A73B325D3162600812C12 /* AppDelegate.swift in Sources */ = {isa = PBXBuildFile; fileRef = 181A73B225D3162600812C12 /* AppDelegate.swift */; };
		181A73B525D3162600812C12 /* SceneDelegate.swift in Sources */ = {isa = PBXBuildFile; fileRef = 181A73B425D3162600812C12 /* SceneDelegate.swift */; };
		181A73B725D3162600812C12 /* ContentView.swift in Sources */ = {isa = PBXBuildFile; fileRef = 181A73B625D3162600812C12 /* ContentView.swift */; };
		181A73B925D3162B00812C12 /* Assets.xcassets in Resources */ = {isa = PBXBuildFile; fileRef = 181A73B825D3162B00812C12 /* Assets.xcassets */; };
		181A73BC25D3162B00812C12 /* Preview Assets.xcassets in Resources */ = {isa = PBXBuildFile; fileRef = 181A73BB25D3162B00812C12 /* Preview Assets.xcassets */; };
		181A73BF25D3162B00812C12 /* LaunchScreen.storyboard in Resources */ = {isa = PBXBuildFile; fileRef = 181A73BD25D3162B00812C12 /* LaunchScreen.storyboard */; };
		181A73C825D3210A00812C12 /* SceneView.swift in Sources */ = {isa = PBXBuildFile; fileRef = 181A73C725D3210900812C12 /* SceneView.swift */; };
		181A73CB25D3245900812C12 /* Order.swift in Sources */ = {isa = PBXBuildFile; fileRef = 181A73CA25D3245900812C12 /* Order.swift */; };
		181A73CE25D328C600812C12 /* AddressView.swift in Sources */ = {isa = PBXBuildFile; fileRef = 181A73CD25D328C600812C12 /* AddressView.swift */; };
		181A73D125D3298C00812C12 /* CheckoutView.swift in Sources */ = {isa = PBXBuildFile; fileRef = 181A73D025D3298C00812C12 /* CheckoutView.swift */; };
		18A36C5525D3C74C00CE61A4 /* Utility.swift in Sources */ = {isa = PBXBuildFile; fileRef = 18A36C5425D3C74C00CE61A4 /* Utility.swift */; };
/* End PBXBuildFile section */

/* Begin PBXFileReference section */
		181A73AF25D3162600812C12 /* CupCakeCorner.app */ = {isa = PBXFileReference; explicitFileType = wrapper.application; includeInIndex = 0; path = CupCakeCorner.app; sourceTree = BUILT_PRODUCTS_DIR; };
		181A73B225D3162600812C12 /* AppDelegate.swift */ = {isa = PBXFileReference; lastKnownFileType = sourcecode.swift; path = AppDelegate.swift; sourceTree = "<group>"; };
		181A73B425D3162600812C12 /* SceneDelegate.swift */ = {isa = PBXFileReference; lastKnownFileType = sourcecode.swift; path = SceneDelegate.swift; sourceTree = "<group>"; };
		181A73B625D3162600812C12 /* ContentView.swift */ = {isa = PBXFileReference; lastKnownFileType = sourcecode.swift; path = ContentView.swift; sourceTree = "<group>"; };
		181A73B825D3162B00812C12 /* Assets.xcassets */ = {isa = PBXFileReference; lastKnownFileType = folder.assetcatalog; path = Assets.xcassets; sourceTree = "<group>"; };
		181A73BB25D3162B00812C12 /* Preview Assets.xcassets */ = {isa = PBXFileReference; lastKnownFileType = folder.assetcatalog; path = "Preview Assets.xcassets"; sourceTree = "<group>"; };
		181A73BE25D3162B00812C12 /* Base */ = {isa = PBXFileReference; lastKnownFileType = file.storyboard; name = Base; path = Base.lproj/LaunchScreen.storyboard; sourceTree = "<group>"; };
		181A73C025D3162B00812C12 /* Info.plist */ = {isa = PBXFileReference; lastKnownFileType = text.plist.xml; path = Info.plist; sourceTree = "<group>"; };
		181A73C725D3210900812C12 /* SceneView.swift */ = {isa = PBXFileReference; lastKnownFileType = sourcecode.swift; path = SceneView.swift; sourceTree = "<group>"; };
		181A73CA25D3245900812C12 /* Order.swift */ = {isa = PBXFileReference; lastKnownFileType = sourcecode.swift; path = Order.swift; sourceTree = "<group>"; };
		181A73CD25D328C600812C12 /* AddressView.swift */ = {isa = PBXFileReference; lastKnownFileType = sourcecode.swift; path = AddressView.swift; sourceTree = "<group>"; };
		181A73D025D3298C00812C12 /* CheckoutView.swift */ = {isa = PBXFileReference; lastKnownFileType = sourcecode.swift; path = CheckoutView.swift; sourceTree = "<group>"; };
		18A36C5425D3C74C00CE61A4 /* Utility.swift */ = {isa = PBXFileReference; lastKnownFileType = sourcecode.swift; path = Utility.swift; sourceTree = "<group>"; };
/* End PBXFileReference section */

/* Begin PBXFrameworksBuildPhase section */
		181A73AC25D3162600812C12 /* Frameworks */ = {
			isa = PBXFrameworksBuildPhase;
			buildActionMask = 2147483647;
			files = (
			);
			runOnlyForDeploymentPostprocessing = 0;
		};
/* End PBXFrameworksBuildPhase section */

/* Begin PBXGroup section */
		181A73A625D3162600812C12 = {
			isa = PBXGroup;
			children = (
				181A73B125D3162600812C12 /* CupCakeCorner */,
				181A73B025D3162600812C12 /* Products */,
			);
			sourceTree = "<group>";
		};
		181A73B025D3162600812C12 /* Products */ = {
			isa = PBXGroup;
			children = (
				181A73AF25D3162600812C12 /* CupCakeCorner.app */,
			);
			name = Products;
			sourceTree = "<group>";
		};
		181A73B125D3162600812C12 /* CupCakeCorner */ = {
			isa = PBXGroup;
			children = (
				181A73B225D3162600812C12 /* AppDelegate.swift */,
				181A73B425D3162600812C12 /* SceneDelegate.swift */,
				181A73B625D3162600812C12 /* ContentView.swift */,
				181A73B825D3162B00812C12 /* Assets.xcassets */,
				181A73BD25D3162B00812C12 /* LaunchScreen.storyboard */,
				181A73C025D3162B00812C12 /* Info.plist */,
				181A73BA25D3162B00812C12 /* Preview Content */,
				181A73C725D3210900812C12 /* SceneView.swift */,
				181A73CA25D3245900812C12 /* Order.swift */,
				181A73CD25D328C600812C12 /* AddressView.swift */,
				181A73D025D3298C00812C12 /* CheckoutView.swift */,
				18A36C5425D3C74C00CE61A4 /* Utility.swift */,
			);
			path = CupCakeCorner;
			sourceTree = "<group>";
		};
		181A73BA25D3162B00812C12 /* Preview Content */ = {
			isa = PBXGroup;
			children = (
				181A73BB25D3162B00812C12 /* Preview Assets.xcassets */,
			);
			path = "Preview Content";
			sourceTree = "<group>";
		};
/* End PBXGroup section */

/* Begin PBXNativeTarget section */
		181A73AE25D3162600812C12 /* CupCakeCorner */ = {
			isa = PBXNativeTarget;
			buildConfigurationList = 181A73C325D3162B00812C12 /* Build configuration list for PBXNativeTarget "CupCakeCorner" */;
			buildPhases = (
				181A73AB25D3162600812C12 /* Sources */,
				181A73AC25D3162600812C12 /* Frameworks */,
				181A73AD25D3162600812C12 /* Resources */,
			);
			buildRules = (
			);
			dependencies = (
			);
			name = CupCakeCorner;
			productName = CupCakeCorner;
			productReference = 181A73AF25D3162600812C12 /* CupCakeCorner.app */;
			productType = "com.apple.product-type.application";
		};
/* End PBXNativeTarget section */

/* Begin PBXProject section */
		181A73A725D3162600812C12 /* Project object */ = {
			isa = PBXProject;
			attributes = {
				LastSwiftUpdateCheck = 1220;
				LastUpgradeCheck = 1220;
				TargetAttributes = {
					181A73AE25D3162600812C12 = {
						CreatedOnToolsVersion = 12.2;
					};
				};
			};
			buildConfigurationList = 181A73AA25D3162600812C12 /* Build configuration list for PBXProject "CupCakeCorner" */;
			compatibilityVersion = "Xcode 9.3";
			developmentRegion = en;
			hasScannedForEncodings = 0;
			knownRegions = (
				en,
				Base,
			);
			mainGroup = 181A73A625D3162600812C12;
			productRefGroup = 181A73B025D3162600812C12 /* Products */;
			projectDirPath = "";
			projectRoot = "";
			targets = (
				181A73AE25D3162600812C12 /* CupCakeCorner */,
			);
		};
/* End PBXProject section */

/* Begin PBXResourcesBuildPhase section */
		181A73AD25D3162600812C12 /* Resources */ = {
			isa = PBXResourcesBuildPhase;
			buildActionMask = 2147483647;
			files = (
				181A73BF25D3162B00812C12 /* LaunchScreen.storyboard in Resources */,
				181A73BC25D3162B00812C12 /* Preview Assets.xcassets in Resources */,
				181A73B925D3162B00812C12 /* Assets.xcassets in Resources */,
			);
			runOnlyForDeploymentPostprocessing = 0;
		};
/* End PBXResourcesBuildPhase section */

/* Begin PBXSourcesBuildPhase section */
		181A73AB25D3162600812C12 /* Sources */ = {
			isa = PBXSourcesBuildPhase;
			buildActionMask = 2147483647;
			files = (
				181A73B325D3162600812C12 /* AppDelegate.swift in Sources */,
				181A73B525D3162600812C12 /* SceneDelegate.swift in Sources */,
				181A73CB25D3245900812C12 /* Order.swift in Sources */,
				181A73D125D3298C00812C12 /* CheckoutView.swift in Sources */,
				18A36C5525D3C74C00CE61A4 /* Utility.swift in Sources */,
				181A73B725D3162600812C12 /* ContentView.swift in Sources */,
				181A73C825D3210A00812C12 /* SceneView.swift in Sources */,
				181A73CE25D328C600812C12 /* AddressView.swift in Sources */,
			);
			runOnlyForDeploymentPostprocessing = 0;
		};
/* End PBXSourcesBuildPhase section */

/* Begin PBXVariantGroup section */
		181A73BD25D3162B00812C12 /* LaunchScreen.storyboard */ = {
			isa = PBXVariantGroup;
			children = (
				181A73BE25D3162B00812C12 /* Base */,
			);
			name = LaunchScreen.storyboard;
			sourceTree = "<group>";
		};
/* End PBXVariantGroup section */

/* Begin XCBuildConfiguration section */
		181A73C125D3162B00812C12 /* Debug */ = {
			isa = XCBuildConfiguration;
			buildSettings = {
				ALWAYS_SEARCH_USER_PATHS = NO;
				CLANG_ANALYZER_NONNULL = YES;
				CLANG_ANALYZER_NUMBER_OBJECT_CONVERSION = YES_AGGRESSIVE;
				CLANG_CXX_LANGUAGE_STANDARD = "gnu++14";
				CLANG_CXX_LIBRARY = "libc++";
				CLANG_ENABLE_MODULES = YES;
				CLANG_ENABLE_OBJC_ARC = YES;
				CLANG_ENABLE_OBJC_WEAK = YES;
				CLANG_WARN_BLOCK_CAPTURE_AUTORELEASING = YES;
				CLANG_WARN_BOOL_CONVERSION = YES;
				CLANG_WARN_COMMA = YES;
				CLANG_WARN_CONSTANT_CONVERSION = YES;
				CLANG_WARN_DEPRECATED_OBJC_IMPLEMENTATIONS = YES;
				CLANG_WARN_DIRECT_OBJC_ISA_USAGE = YES_ERROR;
				CLANG_WARN_DOCUMENTATION_COMMENTS = YES;
				CLANG_WARN_EMPTY_BODY = YES;
				CLANG_WARN_ENUM_CONVERSION = YES;
				CLANG_WARN_INFINITE_RECURSION = YES;
				CLANG_WARN_INT_CONVERSION = YES;
				CLANG_WARN_NON_LITERAL_NULL_CONVERSION = YES;
				CLANG_WARN_OBJC_IMPLICIT_RETAIN_SELF = YES;
				CLANG_WARN_OBJC_LITERAL_CONVERSION = YES;
				CLANG_WARN_OBJC_ROOT_CLASS = YES_ERROR;
				CLANG_WARN_QUOTED_INCLUDE_IN_FRAMEWORK_HEADER = YES;
				CLANG_WARN_RANGE_LOOP_ANALYSIS = YES;
				CLANG_WARN_STRICT_PROTOTYPES = YES;
				CLANG_WARN_SUSPICIOUS_MOVE = YES;
				CLANG_WARN_UNGUARDED_AVAILABILITY = YES_AGGRESSIVE;
				CLANG_WARN_UNREACHABLE_CODE = YES;
				CLANG_WARN__DUPLICATE_METHOD_MATCH = YES;
				COPY_PHASE_STRIP = NO;
				DEBUG_INFORMATION_FORMAT = dwarf;
				ENABLE_STRICT_OBJC_MSGSEND = YES;
				ENABLE_TESTABILITY = YES;
				GCC_C_LANGUAGE_STANDARD = gnu11;
				GCC_DYNAMIC_NO_PIC = NO;
				GCC_NO_COMMON_BLOCKS = YES;
				GCC_OPTIMIZATION_LEVEL = 0;
				GCC_PREPROCESSOR_DEFINITIONS = (
					"DEBUG=1",
					"$(inherited)",
				);
				GCC_WARN_64_TO_32_BIT_CONVERSION = YES;
				GCC_WARN_ABOUT_RETURN_TYPE = YES_ERROR;
				GCC_WARN_UNDECLARED_SELECTOR = YES;
				GCC_WARN_UNINITIALIZED_AUTOS = YES_AGGRESSIVE;
				GCC_WARN_UNUSED_FUNCTION = YES;
				GCC_WARN_UNUSED_VARIABLE = YES;
				IPHONEOS_DEPLOYMENT_TARGET = 14.2;
				MTL_ENABLE_DEBUG_INFO = INCLUDE_SOURCE;
				MTL_FAST_MATH = YES;
				ONLY_ACTIVE_ARCH = YES;
				SDKROOT = iphoneos;
				SWIFT_ACTIVE_COMPILATION_CONDITIONS = DEBUG;
				SWIFT_OPTIMIZATION_LEVEL = "-Onone";
			};
			name = Debug;
		};
		181A73C225D3162B00812C12 /* Release */ = {
			isa = XCBuildConfiguration;
			buildSettings = {
				ALWAYS_SEARCH_USER_PATHS = NO;
				CLANG_ANALYZER_NONNULL = YES;
				CLANG_ANALYZER_NUMBER_OBJECT_CONVERSION = YES_AGGRESSIVE;
				CLANG_CXX_LANGUAGE_STANDARD = "gnu++14";
				CLANG_CXX_LIBRARY = "libc++";
				CLANG_ENABLE_MODULES = YES;
				CLANG_ENABLE_OBJC_ARC = YES;
				CLANG_ENABLE_OBJC_WEAK = YES;
				CLANG_WARN_BLOCK_CAPTURE_AUTORELEASING = YES;
				CLANG_WARN_BOOL_CONVERSION = YES;
				CLANG_WARN_COMMA = YES;
				CLANG_WARN_CONSTANT_CONVERSION = YES;
				CLANG_WARN_DEPRECATED_OBJC_IMPLEMENTATIONS = YES;
				CLANG_WARN_DIRECT_OBJC_ISA_USAGE = YES_ERROR;
				CLANG_WARN_DOCUMENTATION_COMMENTS = YES;
				CLANG_WARN_EMPTY_BODY = YES;
				CLANG_WARN_ENUM_CONVERSION = YES;
				CLANG_WARN_INFINITE_RECURSION = YES;
				CLANG_WARN_INT_CONVERSION = YES;
				CLANG_WARN_NON_LITERAL_NULL_CONVERSION = YES;
				CLANG_WARN_OBJC_IMPLICIT_RETAIN_SELF = YES;
				CLANG_WARN_OBJC_LITERAL_CONVERSION = YES;
				CLANG_WARN_OBJC_ROOT_CLASS = YES_ERROR;
				CLANG_WARN_QUOTED_INCLUDE_IN_FRAMEWORK_HEADER = YES;
				CLANG_WARN_RANGE_LOOP_ANALYSIS = YES;
				CLANG_WARN_STRICT_PROTOTYPES = YES;
				CLANG_WARN_SUSPICIOUS_MOVE = YES;
				CLANG_WARN_UNGUARDED_AVAILABILITY = YES_AGGRESSIVE;
				CLANG_WARN_UNREACHABLE_CODE = YES;
				CLANG_WARN__DUPLICATE_METHOD_MATCH = YES;
				COPY_PHASE_STRIP = NO;
				DEBUG_INFORMATION_FORMAT = "dwarf-with-dsym";
				ENABLE_NS_ASSERTIONS = NO;
				ENABLE_STRICT_OBJC_MSGSEND = YES;
				GCC_C_LANGUAGE_STANDARD = gnu11;
				GCC_NO_COMMON_BLOCKS = YES;
				GCC_WARN_64_TO_32_BIT_CONVERSION = YES;
				GCC_WARN_ABOUT_RETURN_TYPE = YES_ERROR;
				GCC_WARN_UNDECLARED_SELECTOR = YES;
				GCC_WARN_UNINITIALIZED_AUTOS = YES_AGGRESSIVE;
				GCC_WARN_UNUSED_FUNCTION = YES;
				GCC_WARN_UNUSED_VARIABLE = YES;
				IPHONEOS_DEPLOYMENT_TARGET = 14.2;
				MTL_ENABLE_DEBUG_INFO = NO;
				MTL_FAST_MATH = YES;
				SDKROOT = iphoneos;
				SWIFT_COMPILATION_MODE = wholemodule;
				SWIFT_OPTIMIZATION_LEVEL = "-O";
				VALIDATE_PRODUCT = YES;
			};
			name = Release;
		};
		181A73C425D3162B00812C12 /* Debug */ = {
			isa = XCBuildConfiguration;
			buildSettings = {
				ASSETCATALOG_COMPILER_APPICON_NAME = AppIcon;
				ASSETCATALOG_COMPILER_GLOBAL_ACCENT_COLOR_NAME = AccentColor;
				CODE_SIGN_STYLE = Automatic;
				DEVELOPMENT_ASSET_PATHS = "\"CupCakeCorner/Preview Content\"";
				DEVELOPMENT_TEAM = 3HNPE2X8UV;
				ENABLE_PREVIEWS = YES;
				INFOPLIST_FILE = CupCakeCorner/Info.plist;
				LD_RUNPATH_SEARCH_PATHS = (
					"$(inherited)",
					"@executable_path/Frameworks",
				);
				PRODUCT_BUNDLE_IDENTIFIER = com.welsfit.CupCakeCorner;
				PRODUCT_NAME = "$(TARGET_NAME)";
				SWIFT_VERSION = 5.0;
				TARGETED_DEVICE_FAMILY = "1,2";
			};
			name = Debug;
		};
		181A73C525D3162B00812C12 /* Release */ = {
			isa = XCBuildConfiguration;
			buildSettings = {
				ASSETCATALOG_COMPILER_APPICON_NAME = AppIcon;
				ASSETCATALOG_COMPILER_GLOBAL_ACCENT_COLOR_NAME = AccentColor;
				CODE_SIGN_STYLE = Automatic;
				DEVELOPMENT_ASSET_PATHS = "\"CupCakeCorner/Preview Content\"";
				DEVELOPMENT_TEAM = 3HNPE2X8UV;
				ENABLE_PREVIEWS = YES;
				INFOPLIST_FILE = CupCakeCorner/Info.plist;
				LD_RUNPATH_SEARCH_PATHS = (
					"$(inherited)",
					"@executable_path/Frameworks",
				);
				PRODUCT_BUNDLE_IDENTIFIER = com.welsfit.CupCakeCorner;
				PRODUCT_NAME = "$(TARGET_NAME)";
				SWIFT_VERSION = 5.0;
				TARGETED_DEVICE_FAMILY = "1,2";
			};
			name = Release;
		};
/* End XCBuildConfiguration section */

/* Begin XCConfigurationList section */
		181A73AA25D3162600812C12 /* Build configuration list for PBXProject "CupCakeCorner" */ = {
			isa = XCConfigurationList;
			buildConfigurations = (
				181A73C125D3162B00812C12 /* Debug */,
				181A73C225D3162B00812C12 /* Release */,
			);
			defaultConfigurationIsVisible = 0;
			defaultConfigurationName = Release;
		};
		181A73C325D3162B00812C12 /* Build configuration list for PBXNativeTarget "CupCakeCorner" */ = {
			isa = XCConfigurationList;
			buildConfigurations = (
				181A73C425D3162B00812C12 /* Debug */,
				181A73C525D3162B00812C12 /* Release */,
			);
			defaultConfigurationIsVisible = 0;
			defaultConfigurationName = Release;
		};
/* End XCConfigurationList section */
	};
	rootObject = 181A73A725D3162600812C12 /* Project object */;
}
